
Microsoft Visual Studio Solution File, Format Version 12.00
# Visual Studio 2012
Project("{FAE04EC0-301F-11D3-BF4B-00C04F79EFBC}") = "1.HomeworkRedoLESS", "1.HomeworkRedoLESS\1.HomeworkRedoLESS.csproj", "{CAA20393-92DE-4EA5-8FDA-959E4656B642}"
EndProject
Global
	GlobalSection(SolutionConfigurationPlatforms) = preSolution
		Debug|Any CPU = Debug|Any CPU
		Release|Any CPU = Release|Any CPU
	EndGlobalSection
	GlobalSection(ProjectConfigurationPlatforms) = postSolution
		{CAA20393-92DE-4EA5-8FDA-959E4656B642}.Debug|Any CPU.ActiveCfg = Debug|Any CPU
		{CAA20393-92DE-4EA5-8FDA-959E4656B642}.Debug|Any CPU.Build.0 = Debug|Any CPU
		{CAA20393-92DE-4EA5-8FDA-959E4656B642}.Release|Any CPU.ActiveCfg = Release|Any CPU
		{CAA20393-92DE-4EA5-8FDA-959E4656B642}.Release|Any CPU.Build.0 = Release|Any CPU
	EndGlobalSection
	GlobalSection(SolutionProperties) = preSolution
		HideSolutionNode = FALSE
	EndGlobalSection
EndGlobal
