
Microsoft Visual Studio Solution File, Format Version 12.00
# Visual Studio 2013
VisualStudioVersion = 12.0.30110.0
MinimumVisualStudioVersion = 10.0.40219.1
Project("{FAE04EC0-301F-11D3-BF4B-00C04F79EFBC}") = "EventHandler", "EventHandler\EventHandler.csproj", "{12EBD6FF-C6F6-40DF-BDB9-3CB96E1B08F4}"
EndProject
Project("{FAE04EC0-301F-11D3-BF4B-00C04F79EFBC}") = "Javascript", "Javascript\Javascript.csproj", "{A4C55C8C-F735-412C-8435-257CF56F04E6}"
EndProject
Global
	GlobalSection(SolutionConfigurationPlatforms) = preSolution
		Debug|Any CPU = Debug|Any CPU
		Release|Any CPU = Release|Any CPU
	EndGlobalSection
	GlobalSection(ProjectConfigurationPlatforms) = postSolution
		{12EBD6FF-C6F6-40DF-BDB9-3CB96E1B08F4}.Debug|Any CPU.ActiveCfg = Debug|Any CPU
		{12EBD6FF-C6F6-40DF-BDB9-3CB96E1B08F4}.Debug|Any CPU.Build.0 = Debug|Any CPU
		{12EBD6FF-C6F6-40DF-BDB9-3CB96E1B08F4}.Release|Any CPU.ActiveCfg = Release|Any CPU
		{12EBD6FF-C6F6-40DF-BDB9-3CB96E1B08F4}.Release|Any CPU.Build.0 = Release|Any CPU
		{A4C55C8C-F735-412C-8435-257CF56F04E6}.Debug|Any CPU.ActiveCfg = Debug|Any CPU
		{A4C55C8C-F735-412C-8435-257CF56F04E6}.Debug|Any CPU.Build.0 = Debug|Any CPU
		{A4C55C8C-F735-412C-8435-257CF56F04E6}.Release|Any CPU.ActiveCfg = Release|Any CPU
		{A4C55C8C-F735-412C-8435-257CF56F04E6}.Release|Any CPU.Build.0 = Release|Any CPU
	EndGlobalSection
	GlobalSection(SolutionProperties) = preSolution
		HideSolutionNode = FALSE
	EndGlobalSection
EndGlobal
