
Microsoft Visual Studio Solution File, Format Version 12.00
# Visual Studio 2013
VisualStudioVersion = 12.0.21005.1
MinimumVisualStudioVersion = 10.0.40219.1
Project("{FAE04EC0-301F-11D3-BF4B-00C04F79EFBC}") = "1.SchoolExample", "1.SchoolExample\1.SchoolExample.csproj", "{3A4CEC64-9463-4130-9674-B8ACE9793259}"
EndProject
Project("{FAE04EC0-301F-11D3-BF4B-00C04F79EFBC}") = "02.Human", "02.Human\02.Human.csproj", "{3E547216-0EBA-4339-9A16-AE628568E8C5}"
EndProject
Project("{FAE04EC0-301F-11D3-BF4B-00C04F79EFBC}") = "3.AnimalExample", "3.AnimalExample\3.AnimalExample.csproj", "{B0A5B53D-AD11-4A55-B6E9-44962A88CC01}"
EndProject
Global
	GlobalSection(SolutionConfigurationPlatforms) = preSolution
		Debug|Any CPU = Debug|Any CPU
		Release|Any CPU = Release|Any CPU
	EndGlobalSection
	GlobalSection(ProjectConfigurationPlatforms) = postSolution
		{3A4CEC64-9463-4130-9674-B8ACE9793259}.Debug|Any CPU.ActiveCfg = Debug|Any CPU
		{3A4CEC64-9463-4130-9674-B8ACE9793259}.Debug|Any CPU.Build.0 = Debug|Any CPU
		{3A4CEC64-9463-4130-9674-B8ACE9793259}.Release|Any CPU.ActiveCfg = Release|Any CPU
		{3A4CEC64-9463-4130-9674-B8ACE9793259}.Release|Any CPU.Build.0 = Release|Any CPU
		{3E547216-0EBA-4339-9A16-AE628568E8C5}.Debug|Any CPU.ActiveCfg = Debug|Any CPU
		{3E547216-0EBA-4339-9A16-AE628568E8C5}.Debug|Any CPU.Build.0 = Debug|Any CPU
		{3E547216-0EBA-4339-9A16-AE628568E8C5}.Release|Any CPU.ActiveCfg = Release|Any CPU
		{3E547216-0EBA-4339-9A16-AE628568E8C5}.Release|Any CPU.Build.0 = Release|Any CPU
		{B0A5B53D-AD11-4A55-B6E9-44962A88CC01}.Debug|Any CPU.ActiveCfg = Debug|Any CPU
		{B0A5B53D-AD11-4A55-B6E9-44962A88CC01}.Debug|Any CPU.Build.0 = Debug|Any CPU
		{B0A5B53D-AD11-4A55-B6E9-44962A88CC01}.Release|Any CPU.ActiveCfg = Release|Any CPU
		{B0A5B53D-AD11-4A55-B6E9-44962A88CC01}.Release|Any CPU.Build.0 = Release|Any CPU
	EndGlobalSection
	GlobalSection(SolutionProperties) = preSolution
		HideSolutionNode = FALSE
	EndGlobalSection
EndGlobal
