
Microsoft Visual Studio Solution File, Format Version 12.00
# Visual Studio 2012
Project("{FAE04EC0-301F-11D3-BF4B-00C04F79EFBC}") = "01.Print1toN", "01.Print1toN\01.Print1toN.csproj", "{75F61A3F-EEB5-4C4D-98AB-1B3F4C3B9DAE}"
EndProject
Project("{FAE04EC0-301F-11D3-BF4B-00C04F79EFBC}") = "02.NotDivisibleBy3and7", "02.NotDivisibleBy3and7\02.NotDivisibleBy3and7.csproj", "{5421349E-3CBC-4E8C-9D32-B781AF72D222}"
EndProject
Project("{FAE04EC0-301F-11D3-BF4B-00C04F79EFBC}") = "03.PrintMinAndMax", "03.PrintMinAndMax\03.PrintMinAndMax.csproj", "{1169D194-5E91-4D83-836D-9C6E4FAF7A85}"
EndProject
Project("{FAE04EC0-301F-11D3-BF4B-00C04F79EFBC}") = "04.NFactDevidedByKFact", "04.NFactDevidedByKFact\04.NFactDevidedByKFact.csproj", "{EF5EAE7F-035F-4FF4-9A1C-E6DEA3D1BC8F}"
EndProject
Project("{FAE04EC0-301F-11D3-BF4B-00C04F79EFBC}") = "05.CalculateFactEquation", "05.CalculateFactEquation\05.CalculateFactEquation.csproj", "{22A91332-0934-4BF4-9E6D-78852F7D458D}"
EndProject
Project("{FAE04EC0-301F-11D3-BF4B-00C04F79EFBC}") = "06.ByGivenTwoInt", "06.ByGivenTwoInt\06.ByGivenTwoInt.csproj", "{F7308CF6-B6BB-4BB2-87BB-68BB5BC2605A}"
EndProject
Project("{FAE04EC0-301F-11D3-BF4B-00C04F79EFBC}") = "07.SumNMembersOfFibonacci", "07.SumNMembersOfFibonacci\07.SumNMembersOfFibonacci.csproj", "{F850C379-D8C8-4C3E-9ED7-C3A180357AB4}"
EndProject
Project("{FAE04EC0-301F-11D3-BF4B-00C04F79EFBC}") = "09.CatalanNumbers", "09.CatalanNumbers\09.CatalanNumbers.csproj", "{C0744183-7262-48CB-83E4-19A87C192279}"
EndProject
Project("{FAE04EC0-301F-11D3-BF4B-00C04F79EFBC}") = "08.GCDEuclidianAlgorithm", "08.GCDEuclidianAlgorithm\08.GCDEuclidianAlgorithm.csproj", "{A4595529-64DD-4DA0-94FE-C2A40E462FF6}"
EndProject
Project("{FAE04EC0-301F-11D3-BF4B-00C04F79EFBC}") = "11.DeckOfCards", "11.DeckOfCards\11.DeckOfCards.csproj", "{A21E3884-5E77-4E58-B3A0-5A39EC15D6C1}"
EndProject
Project("{FAE04EC0-301F-11D3-BF4B-00C04F79EFBC}") = "12.Matrix", "12.Matrix\12.Matrix.csproj", "{7A189B95-5D85-4594-BAB4-3888CDE6BF58}"
EndProject
Project("{FAE04EC0-301F-11D3-BF4B-00C04F79EFBC}") = "13.TrailingZeros", "13.TrailingZeros\13.TrailingZeros.csproj", "{03A5564C-BF99-4A46-AFC9-A687722F2E43}"
EndProject
Global
	GlobalSection(SolutionConfigurationPlatforms) = preSolution
		Debug|Any CPU = Debug|Any CPU
		Release|Any CPU = Release|Any CPU
	EndGlobalSection
	GlobalSection(ProjectConfigurationPlatforms) = postSolution
		{75F61A3F-EEB5-4C4D-98AB-1B3F4C3B9DAE}.Debug|Any CPU.ActiveCfg = Debug|Any CPU
		{75F61A3F-EEB5-4C4D-98AB-1B3F4C3B9DAE}.Debug|Any CPU.Build.0 = Debug|Any CPU
		{75F61A3F-EEB5-4C4D-98AB-1B3F4C3B9DAE}.Release|Any CPU.ActiveCfg = Release|Any CPU
		{75F61A3F-EEB5-4C4D-98AB-1B3F4C3B9DAE}.Release|Any CPU.Build.0 = Release|Any CPU
		{5421349E-3CBC-4E8C-9D32-B781AF72D222}.Debug|Any CPU.ActiveCfg = Debug|Any CPU
		{5421349E-3CBC-4E8C-9D32-B781AF72D222}.Debug|Any CPU.Build.0 = Debug|Any CPU
		{5421349E-3CBC-4E8C-9D32-B781AF72D222}.Release|Any CPU.ActiveCfg = Release|Any CPU
		{5421349E-3CBC-4E8C-9D32-B781AF72D222}.Release|Any CPU.Build.0 = Release|Any CPU
		{1169D194-5E91-4D83-836D-9C6E4FAF7A85}.Debug|Any CPU.ActiveCfg = Debug|Any CPU
		{1169D194-5E91-4D83-836D-9C6E4FAF7A85}.Debug|Any CPU.Build.0 = Debug|Any CPU
		{1169D194-5E91-4D83-836D-9C6E4FAF7A85}.Release|Any CPU.ActiveCfg = Release|Any CPU
		{1169D194-5E91-4D83-836D-9C6E4FAF7A85}.Release|Any CPU.Build.0 = Release|Any CPU
		{EF5EAE7F-035F-4FF4-9A1C-E6DEA3D1BC8F}.Debug|Any CPU.ActiveCfg = Debug|Any CPU
		{EF5EAE7F-035F-4FF4-9A1C-E6DEA3D1BC8F}.Debug|Any CPU.Build.0 = Debug|Any CPU
		{EF5EAE7F-035F-4FF4-9A1C-E6DEA3D1BC8F}.Release|Any CPU.ActiveCfg = Release|Any CPU
		{EF5EAE7F-035F-4FF4-9A1C-E6DEA3D1BC8F}.Release|Any CPU.Build.0 = Release|Any CPU
		{22A91332-0934-4BF4-9E6D-78852F7D458D}.Debug|Any CPU.ActiveCfg = Debug|Any CPU
		{22A91332-0934-4BF4-9E6D-78852F7D458D}.Debug|Any CPU.Build.0 = Debug|Any CPU
		{22A91332-0934-4BF4-9E6D-78852F7D458D}.Release|Any CPU.ActiveCfg = Release|Any CPU
		{22A91332-0934-4BF4-9E6D-78852F7D458D}.Release|Any CPU.Build.0 = Release|Any CPU
		{F7308CF6-B6BB-4BB2-87BB-68BB5BC2605A}.Debug|Any CPU.ActiveCfg = Debug|Any CPU
		{F7308CF6-B6BB-4BB2-87BB-68BB5BC2605A}.Debug|Any CPU.Build.0 = Debug|Any CPU
		{F7308CF6-B6BB-4BB2-87BB-68BB5BC2605A}.Release|Any CPU.ActiveCfg = Release|Any CPU
		{F7308CF6-B6BB-4BB2-87BB-68BB5BC2605A}.Release|Any CPU.Build.0 = Release|Any CPU
		{F850C379-D8C8-4C3E-9ED7-C3A180357AB4}.Debug|Any CPU.ActiveCfg = Debug|Any CPU
		{F850C379-D8C8-4C3E-9ED7-C3A180357AB4}.Debug|Any CPU.Build.0 = Debug|Any CPU
		{F850C379-D8C8-4C3E-9ED7-C3A180357AB4}.Release|Any CPU.ActiveCfg = Release|Any CPU
		{F850C379-D8C8-4C3E-9ED7-C3A180357AB4}.Release|Any CPU.Build.0 = Release|Any CPU
		{C0744183-7262-48CB-83E4-19A87C192279}.Debug|Any CPU.ActiveCfg = Debug|Any CPU
		{C0744183-7262-48CB-83E4-19A87C192279}.Debug|Any CPU.Build.0 = Debug|Any CPU
		{C0744183-7262-48CB-83E4-19A87C192279}.Release|Any CPU.ActiveCfg = Release|Any CPU
		{C0744183-7262-48CB-83E4-19A87C192279}.Release|Any CPU.Build.0 = Release|Any CPU
		{A4595529-64DD-4DA0-94FE-C2A40E462FF6}.Debug|Any CPU.ActiveCfg = Debug|Any CPU
		{A4595529-64DD-4DA0-94FE-C2A40E462FF6}.Debug|Any CPU.Build.0 = Debug|Any CPU
		{A4595529-64DD-4DA0-94FE-C2A40E462FF6}.Release|Any CPU.ActiveCfg = Release|Any CPU
		{A4595529-64DD-4DA0-94FE-C2A40E462FF6}.Release|Any CPU.Build.0 = Release|Any CPU
		{A21E3884-5E77-4E58-B3A0-5A39EC15D6C1}.Debug|Any CPU.ActiveCfg = Debug|Any CPU
		{A21E3884-5E77-4E58-B3A0-5A39EC15D6C1}.Debug|Any CPU.Build.0 = Debug|Any CPU
		{A21E3884-5E77-4E58-B3A0-5A39EC15D6C1}.Release|Any CPU.ActiveCfg = Release|Any CPU
		{A21E3884-5E77-4E58-B3A0-5A39EC15D6C1}.Release|Any CPU.Build.0 = Release|Any CPU
		{7A189B95-5D85-4594-BAB4-3888CDE6BF58}.Debug|Any CPU.ActiveCfg = Debug|Any CPU
		{7A189B95-5D85-4594-BAB4-3888CDE6BF58}.Debug|Any CPU.Build.0 = Debug|Any CPU
		{7A189B95-5D85-4594-BAB4-3888CDE6BF58}.Release|Any CPU.ActiveCfg = Release|Any CPU
		{7A189B95-5D85-4594-BAB4-3888CDE6BF58}.Release|Any CPU.Build.0 = Release|Any CPU
		{03A5564C-BF99-4A46-AFC9-A687722F2E43}.Debug|Any CPU.ActiveCfg = Debug|Any CPU
		{03A5564C-BF99-4A46-AFC9-A687722F2E43}.Debug|Any CPU.Build.0 = Debug|Any CPU
		{03A5564C-BF99-4A46-AFC9-A687722F2E43}.Release|Any CPU.ActiveCfg = Release|Any CPU
		{03A5564C-BF99-4A46-AFC9-A687722F2E43}.Release|Any CPU.Build.0 = Release|Any CPU
	EndGlobalSection
	GlobalSection(SolutionProperties) = preSolution
		HideSolutionNode = FALSE
	EndGlobalSection
EndGlobal
