
Microsoft Visual Studio Solution File, Format Version 12.00
# Visual Studio 2012
Project("{FAE04EC0-301F-11D3-BF4B-00C04F79EFBC}") = "MultiverseCommunication", "MultiverseCommunication\MultiverseCommunication.csproj", "{FA14ACD1-8AE6-42C5-B9BE-BC8997B9B8D3}"
EndProject
Project("{FAE04EC0-301F-11D3-BF4B-00C04F79EFBC}") = "MagicWords", "MagicWords\MagicWords.csproj", "{70FEDD2E-FFDF-4270-B961-DDDACAF3ACC0}"
EndProject
Global
	GlobalSection(SolutionConfigurationPlatforms) = preSolution
		Debug|Any CPU = Debug|Any CPU
		Release|Any CPU = Release|Any CPU
	EndGlobalSection
	GlobalSection(ProjectConfigurationPlatforms) = postSolution
		{FA14ACD1-8AE6-42C5-B9BE-BC8997B9B8D3}.Debug|Any CPU.ActiveCfg = Debug|Any CPU
		{FA14ACD1-8AE6-42C5-B9BE-BC8997B9B8D3}.Debug|Any CPU.Build.0 = Debug|Any CPU
		{FA14ACD1-8AE6-42C5-B9BE-BC8997B9B8D3}.Release|Any CPU.ActiveCfg = Release|Any CPU
		{FA14ACD1-8AE6-42C5-B9BE-BC8997B9B8D3}.Release|Any CPU.Build.0 = Release|Any CPU
		{70FEDD2E-FFDF-4270-B961-DDDACAF3ACC0}.Debug|Any CPU.ActiveCfg = Debug|Any CPU
		{70FEDD2E-FFDF-4270-B961-DDDACAF3ACC0}.Debug|Any CPU.Build.0 = Debug|Any CPU
		{70FEDD2E-FFDF-4270-B961-DDDACAF3ACC0}.Release|Any CPU.ActiveCfg = Release|Any CPU
		{70FEDD2E-FFDF-4270-B961-DDDACAF3ACC0}.Release|Any CPU.Build.0 = Release|Any CPU
	EndGlobalSection
	GlobalSection(SolutionProperties) = preSolution
		HideSolutionNode = FALSE
	EndGlobalSection
EndGlobal
